
Microsoft Visual Studio Solution File, Format Version 12.00
# Visual Studio 2015
Project("{FAE04EC0-301F-11D3-BF4B-00C04F79EFBC}") = "Cataglypis.CSharp", "Cataglypis.CSharp.csproj", "{4302BCEA-51C5-AF6B-EE29-CF469296E061}"
EndProject
Global
	GlobalSection(SolutionConfigurationPlatforms) = preSolution
		Debug|Any CPU = Debug|Any CPU
		Release|Any CPU = Release|Any CPU
	EndGlobalSection
	GlobalSection(ProjectConfigurationPlatforms) = postSolution
		{4302BCEA-51C5-AF6B-EE29-CF469296E061}.Debug|Any CPU.ActiveCfg = Debug|Any CPU
		{4302BCEA-51C5-AF6B-EE29-CF469296E061}.Debug|Any CPU.Build.0 = Debug|Any CPU
		{4302BCEA-51C5-AF6B-EE29-CF469296E061}.Release|Any CPU.ActiveCfg = Release|Any CPU
		{4302BCEA-51C5-AF6B-EE29-CF469296E061}.Release|Any CPU.Build.0 = Release|Any CPU
	EndGlobalSection
	GlobalSection(SolutionProperties) = preSolution
		HideSolutionNode = FALSE
	EndGlobalSection
EndGlobal
